// !$*UTF8*$!
{
	archiveVersion = 1;
	classes = {
	};
	objectVersion = 46;
	objects = {

/* Begin PBXBuildFile section */
		A2907BAC1843E03A002B4EAA /* Foundation.framework in Frameworks */ = {isa = PBXBuildFile; fileRef = A2907BAB1843E03A002B4EAA /* Foundation.framework */; };
		A2907BAE1843E03A002B4EAA /* CoreGraphics.framework in Frameworks */ = {isa = PBXBuildFile; fileRef = A2907BAD1843E03A002B4EAA /* CoreGraphics.framework */; };
		A2907BB01843E03A002B4EAA /* UIKit.framework in Frameworks */ = {isa = PBXBuildFile; fileRef = A2907BAF1843E03A002B4EAA /* UIKit.framework */; };
		A2907BB61843E03A002B4EAA /* InfoPlist.strings in Resources */ = {isa = PBXBuildFile; fileRef = A2907BB41843E03A002B4EAA /* InfoPlist.strings */; };
		A2907BB81843E03A002B4EAA /* main.m in Sources */ = {isa = PBXBuildFile; fileRef = A2907BB71843E03A002B4EAA /* main.m */; };
		A2907BBC1843E03A002B4EAA /* AppDelegate.m in Sources */ = {isa = PBXBuildFile; fileRef = A2907BBB1843E03A002B4EAA /* AppDelegate.m */; };
		A2907BBF1843E03A002B4EAA /* Main.storyboard in Resources */ = {isa = PBXBuildFile; fileRef = A2907BBD1843E03A002B4EAA /* Main.storyboard */; };
		A2907BC21843E03A002B4EAA /* ViewController.m in Sources */ = {isa = PBXBuildFile; fileRef = A2907BC11843E03A002B4EAA /* ViewController.m */; };
		A2907BC41843E03A002B4EAA /* Images.xcassets in Resources */ = {isa = PBXBuildFile; fileRef = A2907BC31843E03A002B4EAA /* Images.xcassets */; };
		A2907BCB1843E03A002B4EAA /* XCTest.framework in Frameworks */ = {isa = PBXBuildFile; fileRef = A2907BCA1843E03A002B4EAA /* XCTest.framework */; };
		A2907BCC1843E03A002B4EAA /* Foundation.framework in Frameworks */ = {isa = PBXBuildFile; fileRef = A2907BAB1843E03A002B4EAA /* Foundation.framework */; };
		A2907BCD1843E03A002B4EAA /* UIKit.framework in Frameworks */ = {isa = PBXBuildFile; fileRef = A2907BAF1843E03A002B4EAA /* UIKit.framework */; };
		A2907BD51843E03A002B4EAA /* InfoPlist.strings in Resources */ = {isa = PBXBuildFile; fileRef = A2907BD31843E03A002B4EAA /* InfoPlist.strings */; };
		A2907BD71843E03A002B4EAA /* Livre_De_ChantTests.m in Sources */ = {isa = PBXBuildFile; fileRef = A2907BD61843E03A002B4EAA /* Livre_De_ChantTests.m */; };
/* End PBXBuildFile section */

/* Begin PBXContainerItemProxy section */
		A2907BCE1843E03A002B4EAA /* PBXContainerItemProxy */ = {
			isa = PBXContainerItemProxy;
			containerPortal = A2907BA01843E03A002B4EAA /* Project object */;
			proxyType = 1;
			remoteGlobalIDString = A2907BA71843E03A002B4EAA;
			remoteInfo = "Livre De Chant";
		};
/* End PBXContainerItemProxy section */

/* Begin PBXFileReference section */
		A2907BA81843E03A002B4EAA /* Livre De Chant.app */ = {isa = PBXFileReference; explicitFileType = wrapper.application; includeInIndex = 0; path = "Livre De Chant.app"; sourceTree = BUILT_PRODUCTS_DIR; };
		A2907BAB1843E03A002B4EAA /* Foundation.framework */ = {isa = PBXFileReference; lastKnownFileType = wrapper.framework; name = Foundation.framework; path = System/Library/Frameworks/Foundation.framework; sourceTree = SDKROOT; };
		A2907BAD1843E03A002B4EAA /* CoreGraphics.framework */ = {isa = PBXFileReference; lastKnownFileType = wrapper.framework; name = CoreGraphics.framework; path = System/Library/Frameworks/CoreGraphics.framework; sourceTree = SDKROOT; };
		A2907BAF1843E03A002B4EAA /* UIKit.framework */ = {isa = PBXFileReference; lastKnownFileType = wrapper.framework; name = UIKit.framework; path = System/Library/Frameworks/UIKit.framework; sourceTree = SDKROOT; };
		A2907BB31843E03A002B4EAA /* Livre De Chant-Info.plist */ = {isa = PBXFileReference; lastKnownFileType = text.plist.xml; path = "Livre De Chant-Info.plist"; sourceTree = "<group>"; };
		A2907BB51843E03A002B4EAA /* en */ = {isa = PBXFileReference; lastKnownFileType = text.plist.strings; name = en; path = en.lproj/InfoPlist.strings; sourceTree = "<group>"; };
		A2907BB71843E03A002B4EAA /* main.m */ = {isa = PBXFileReference; lastKnownFileType = sourcecode.c.objc; path = main.m; sourceTree = "<group>"; };
		A2907BB91843E03A002B4EAA /* Livre De Chant-Prefix.pch */ = {isa = PBXFileReference; lastKnownFileType = sourcecode.c.h; path = "Livre De Chant-Prefix.pch"; sourceTree = "<group>"; };
		A2907BBA1843E03A002B4EAA /* AppDelegate.h */ = {isa = PBXFileReference; lastKnownFileType = sourcecode.c.h; path = AppDelegate.h; sourceTree = "<group>"; };
		A2907BBB1843E03A002B4EAA /* AppDelegate.m */ = {isa = PBXFileReference; lastKnownFileType = sourcecode.c.objc; path = AppDelegate.m; sourceTree = "<group>"; };
		A2907BBE1843E03A002B4EAA /* Base */ = {isa = PBXFileReference; lastKnownFileType = file.storyboard; name = Base; path = Base.lproj/Main.storyboard; sourceTree = "<group>"; };
		A2907BC01843E03A002B4EAA /* ViewController.h */ = {isa = PBXFileReference; lastKnownFileType = sourcecode.c.h; path = ViewController.h; sourceTree = "<group>"; };
		A2907BC11843E03A002B4EAA /* ViewController.m */ = {isa = PBXFileReference; lastKnownFileType = sourcecode.c.objc; path = ViewController.m; sourceTree = "<group>"; };
		A2907BC31843E03A002B4EAA /* Images.xcassets */ = {isa = PBXFileReference; lastKnownFileType = folder.assetcatalog; path = Images.xcassets; sourceTree = "<group>"; };
		A2907BC91843E03A002B4EAA /* Livre De ChantTests.xctest */ = {isa = PBXFileReference; explicitFileType = wrapper.cfbundle; includeInIndex = 0; path = "Livre De ChantTests.xctest"; sourceTree = BUILT_PRODUCTS_DIR; };
		A2907BCA1843E03A002B4EAA /* XCTest.framework */ = {isa = PBXFileReference; lastKnownFileType = wrapper.framework; name = XCTest.framework; path = Library/Frameworks/XCTest.framework; sourceTree = DEVELOPER_DIR; };
		A2907BD21843E03A002B4EAA /* Livre De ChantTests-Info.plist */ = {isa = PBXFileReference; lastKnownFileType = text.plist.xml; path = "Livre De ChantTests-Info.plist"; sourceTree = "<group>"; };
		A2907BD41843E03A002B4EAA /* en */ = {isa = PBXFileReference; lastKnownFileType = text.plist.strings; name = en; path = en.lproj/InfoPlist.strings; sourceTree = "<group>"; };
		A2907BD61843E03A002B4EAA /* Livre_De_ChantTests.m */ = {isa = PBXFileReference; lastKnownFileType = sourcecode.c.objc; path = Livre_De_ChantTests.m; sourceTree = "<group>"; };
/* End PBXFileReference section */

/* Begin PBXFrameworksBuildPhase section */
		A2907BA51843E03A002B4EAA /* Frameworks */ = {
			isa = PBXFrameworksBuildPhase;
			buildActionMask = 2147483647;
			files = (
				A2907BAE1843E03A002B4EAA /* CoreGraphics.framework in Frameworks */,
				A2907BB01843E03A002B4EAA /* UIKit.framework in Frameworks */,
				A2907BAC1843E03A002B4EAA /* Foundation.framework in Frameworks */,
			);
			runOnlyForDeploymentPostprocessing = 0;
		};
		A2907BC61843E03A002B4EAA /* Frameworks */ = {
			isa = PBXFrameworksBuildPhase;
			buildActionMask = 2147483647;
			files = (
				A2907BCB1843E03A002B4EAA /* XCTest.framework in Frameworks */,
				A2907BCD1843E03A002B4EAA /* UIKit.framework in Frameworks */,
				A2907BCC1843E03A002B4EAA /* Foundation.framework in Frameworks */,
			);
			runOnlyForDeploymentPostprocessing = 0;
		};
/* End PBXFrameworksBuildPhase section */

/* Begin PBXGroup section */
		A2907B9F1843E039002B4EAA = {
			isa = PBXGroup;
			children = (
				A2907BB11843E03A002B4EAA /* Livre De Chant */,
				A2907BD01843E03A002B4EAA /* Livre De ChantTests */,
				A2907BAA1843E03A002B4EAA /* Frameworks */,
				A2907BA91843E03A002B4EAA /* Products */,
			);
			sourceTree = "<group>";
		};
		A2907BA91843E03A002B4EAA /* Products */ = {
			isa = PBXGroup;
			children = (
				A2907BA81843E03A002B4EAA /* Livre De Chant.app */,
				A2907BC91843E03A002B4EAA /* Livre De ChantTests.xctest */,
			);
			name = Products;
			sourceTree = "<group>";
		};
		A2907BAA1843E03A002B4EAA /* Frameworks */ = {
			isa = PBXGroup;
			children = (
				A2907BAB1843E03A002B4EAA /* Foundation.framework */,
				A2907BAD1843E03A002B4EAA /* CoreGraphics.framework */,
				A2907BAF1843E03A002B4EAA /* UIKit.framework */,
				A2907BCA1843E03A002B4EAA /* XCTest.framework */,
			);
			name = Frameworks;
			sourceTree = "<group>";
		};
		A2907BB11843E03A002B4EAA /* Livre De Chant */ = {
			isa = PBXGroup;
			children = (
				A2907BBA1843E03A002B4EAA /* AppDelegate.h */,
				A2907BBB1843E03A002B4EAA /* AppDelegate.m */,
				A2907BBD1843E03A002B4EAA /* Main.storyboard */,
				A2907BC01843E03A002B4EAA /* ViewController.h */,
				A2907BC11843E03A002B4EAA /* ViewController.m */,
				A2907BC31843E03A002B4EAA /* Images.xcassets */,
				A2907BB21843E03A002B4EAA /* Supporting Files */,
			);
			path = "Livre De Chant";
			sourceTree = "<group>";
		};
		A2907BB21843E03A002B4EAA /* Supporting Files */ = {
			isa = PBXGroup;
			children = (
				A2907BB31843E03A002B4EAA /* Livre De Chant-Info.plist */,
				A2907BB41843E03A002B4EAA /* InfoPlist.strings */,
				A2907BB71843E03A002B4EAA /* main.m */,
				A2907BB91843E03A002B4EAA /* Livre De Chant-Prefix.pch */,
			);
			name = "Supporting Files";
			sourceTree = "<group>";
		};
		A2907BD01843E03A002B4EAA /* Livre De ChantTests */ = {
			isa = PBXGroup;
			children = (
				A2907BD61843E03A002B4EAA /* Livre_De_ChantTests.m */,
				A2907BD11843E03A002B4EAA /* Supporting Files */,
			);
			path = "Livre De ChantTests";
			sourceTree = "<group>";
		};
		A2907BD11843E03A002B4EAA /* Supporting Files */ = {
			isa = PBXGroup;
			children = (
				A2907BD21843E03A002B4EAA /* Livre De ChantTests-Info.plist */,
				A2907BD31843E03A002B4EAA /* InfoPlist.strings */,
			);
			name = "Supporting Files";
			sourceTree = "<group>";
		};
/* End PBXGroup section */

/* Begin PBXNativeTarget section */
		A2907BA71843E03A002B4EAA /* Livre De Chant */ = {
			isa = PBXNativeTarget;
			buildConfigurationList = A2907BDA1843E03A002B4EAA /* Build configuration list for PBXNativeTarget "Livre De Chant" */;
			buildPhases = (
				A2907BA41843E03A002B4EAA /* Sources */,
				A2907BA51843E03A002B4EAA /* Frameworks */,
				A2907BA61843E03A002B4EAA /* Resources */,
			);
			buildRules = (
			);
			dependencies = (
			);
			name = "Livre De Chant";
			productName = "Livre De Chant";
			productReference = A2907BA81843E03A002B4EAA /* Livre De Chant.app */;
			productType = "com.apple.product-type.application";
		};
		A2907BC81843E03A002B4EAA /* Livre De ChantTests */ = {
			isa = PBXNativeTarget;
			buildConfigurationList = A2907BDD1843E03A002B4EAA /* Build configuration list for PBXNativeTarget "Livre De ChantTests" */;
			buildPhases = (
				A2907BC51843E03A002B4EAA /* Sources */,
				A2907BC61843E03A002B4EAA /* Frameworks */,
				A2907BC71843E03A002B4EAA /* Resources */,
			);
			buildRules = (
			);
			dependencies = (
				A2907BCF1843E03A002B4EAA /* PBXTargetDependency */,
			);
			name = "Livre De ChantTests";
			productName = "Livre De ChantTests";
			productReference = A2907BC91843E03A002B4EAA /* Livre De ChantTests.xctest */;
			productType = "com.apple.product-type.bundle.unit-test";
		};
/* End PBXNativeTarget section */

/* Begin PBXProject section */
		A2907BA01843E03A002B4EAA /* Project object */ = {
			isa = PBXProject;
			attributes = {
				LastUpgradeCheck = 0500;
				ORGANIZATIONNAME = "Steeven Sylveus";
				TargetAttributes = {
					A2907BC81843E03A002B4EAA = {
						TestTargetID = A2907BA71843E03A002B4EAA;
					};
				};
			};
			buildConfigurationList = A2907BA31843E03A002B4EAA /* Build configuration list for PBXProject "Livre De Chant" */;
			compatibilityVersion = "Xcode 3.2";
			developmentRegion = English;
			hasScannedForEncodings = 0;
			knownRegions = (
				en,
				Base,
			);
			mainGroup = A2907B9F1843E039002B4EAA;
			productRefGroup = A2907BA91843E03A002B4EAA /* Products */;
			projectDirPath = "";
			projectRoot = "";
			targets = (
				A2907BA71843E03A002B4EAA /* Livre De Chant */,
				A2907BC81843E03A002B4EAA /* Livre De ChantTests */,
			);
		};
/* End PBXProject section */

/* Begin PBXResourcesBuildPhase section */
		A2907BA61843E03A002B4EAA /* Resources */ = {
			isa = PBXResourcesBuildPhase;
			buildActionMask = 2147483647;
			files = (
				A2907BC41843E03A002B4EAA /* Images.xcassets in Resources */,
				A2907BB61843E03A002B4EAA /* InfoPlist.strings in Resources */,
				A2907BBF1843E03A002B4EAA /* Main.storyboard in Resources */,
			);
			runOnlyForDeploymentPostprocessing = 0;
		};
		A2907BC71843E03A002B4EAA /* Resources */ = {
			isa = PBXResourcesBuildPhase;
			buildActionMask = 2147483647;
			files = (
				A2907BD51843E03A002B4EAA /* InfoPlist.strings in Resources */,
			);
			runOnlyForDeploymentPostprocessing = 0;
		};
/* End PBXResourcesBuildPhase section */

/* Begin PBXSourcesBuildPhase section */
		A2907BA41843E03A002B4EAA /* Sources */ = {
			isa = PBXSourcesBuildPhase;
			buildActionMask = 2147483647;
			files = (
				A2907BC21843E03A002B4EAA /* ViewController.m in Sources */,
				A2907BBC1843E03A002B4EAA /* AppDelegate.m in Sources */,
				A2907BB81843E03A002B4EAA /* main.m in Sources */,
			);
			runOnlyForDeploymentPostprocessing = 0;
		};
		A2907BC51843E03A002B4EAA /* Sources */ = {
			isa = PBXSourcesBuildPhase;
			buildActionMask = 2147483647;
			files = (
				A2907BD71843E03A002B4EAA /* Livre_De_ChantTests.m in Sources */,
			);
			runOnlyForDeploymentPostprocessing = 0;
		};
/* End PBXSourcesBuildPhase section */

/* Begin PBXTargetDependency section */
		A2907BCF1843E03A002B4EAA /* PBXTargetDependency */ = {
			isa = PBXTargetDependency;
			target = A2907BA71843E03A002B4EAA /* Livre De Chant */;
			targetProxy = A2907BCE1843E03A002B4EAA /* PBXContainerItemProxy */;
		};
/* End PBXTargetDependency section */

/* Begin PBXVariantGroup section */
		A2907BB41843E03A002B4EAA /* InfoPlist.strings */ = {
			isa = PBXVariantGroup;
			children = (
				A2907BB51843E03A002B4EAA /* en */,
			);
			name = InfoPlist.strings;
			sourceTree = "<group>";
		};
		A2907BBD1843E03A002B4EAA /* Main.storyboard */ = {
			isa = PBXVariantGroup;
			children = (
				A2907BBE1843E03A002B4EAA /* Base */,
			);
			name = Main.storyboard;
			sourceTree = "<group>";
		};
		A2907BD31843E03A002B4EAA /* InfoPlist.strings */ = {
			isa = PBXVariantGroup;
			children = (
				A2907BD41843E03A002B4EAA /* en */,
			);
			name = InfoPlist.strings;
			sourceTree = "<group>";
		};
/* End PBXVariantGroup section */

/* Begin XCBuildConfiguration section */
		A2907BD81843E03A002B4EAA /* Debug */ = {
			isa = XCBuildConfiguration;
			buildSettings = {
				ALWAYS_SEARCH_USER_PATHS = NO;
				ARCHS = "$(ARCHS_STANDARD_INCLUDING_64_BIT)";
				CLANG_CXX_LANGUAGE_STANDARD = "gnu++0x";
				CLANG_CXX_LIBRARY = "libc++";
				CLANG_ENABLE_MODULES = YES;
				CLANG_ENABLE_OBJC_ARC = YES;
				CLANG_WARN_BOOL_CONVERSION = YES;
				CLANG_WARN_CONSTANT_CONVERSION = YES;
				CLANG_WARN_DIRECT_OBJC_ISA_USAGE = YES_ERROR;
				CLANG_WARN_EMPTY_BODY = YES;
				CLANG_WARN_ENUM_CONVERSION = YES;
				CLANG_WARN_INT_CONVERSION = YES;
				CLANG_WARN_OBJC_ROOT_CLASS = YES_ERROR;
				CLANG_WARN__DUPLICATE_METHOD_MATCH = YES;
				"CODE_SIGN_IDENTITY[sdk=iphoneos*]" = "iPhone Developer";
				COPY_PHASE_STRIP = NO;
				GCC_C_LANGUAGE_STANDARD = gnu99;
				GCC_DYNAMIC_NO_PIC = NO;
				GCC_OPTIMIZATION_LEVEL = 0;
				GCC_PREPROCESSOR_DEFINITIONS = (
					"DEBUG=1",
					"$(inherited)",
				);
				GCC_SYMBOLS_PRIVATE_EXTERN = NO;
				GCC_WARN_64_TO_32_BIT_CONVERSION = YES;
				GCC_WARN_ABOUT_RETURN_TYPE = YES_ERROR;
				GCC_WARN_UNDECLARED_SELECTOR = YES;
				GCC_WARN_UNINITIALIZED_AUTOS = YES;
				GCC_WARN_UNUSED_FUNCTION = YES;
				GCC_WARN_UNUSED_VARIABLE = YES;
				IPHONEOS_DEPLOYMENT_TARGET = 7.0;
				ONLY_ACTIVE_ARCH = YES;
				SDKROOT = iphoneos;
			};
			name = Debug;
		};
		A2907BD91843E03A002B4EAA /* Release */ = {
			isa = XCBuildConfiguration;
			buildSettings = {
				ALWAYS_SEARCH_USER_PATHS = NO;
				ARCHS = "$(ARCHS_STANDARD_INCLUDING_64_BIT)";
				CLANG_CXX_LANGUAGE_STANDARD = "gnu++0x";
				CLANG_CXX_LIBRARY = "libc++";
				CLANG_ENABLE_MODULES = YES;
				CLANG_ENABLE_OBJC_ARC = YES;
				CLANG_WARN_BOOL_CONVERSION = YES;
				CLANG_WARN_CONSTANT_CONVERSION = YES;
				CLANG_WARN_DIRECT_OBJC_ISA_USAGE = YES_ERROR;
				CLANG_WARN_EMPTY_BODY = YES;
				CLANG_WARN_ENUM_CONVERSION = YES;
				CLANG_WARN_INT_CONVERSION = YES;
				CLANG_WARN_OBJC_ROOT_CLASS = YES_ERROR;
				CLANG_WARN__DUPLICATE_METHOD_MATCH = YES;
				"CODE_SIGN_IDENTITY[sdk=iphoneos*]" = "iPhone Developer";
				COPY_PHASE_STRIP = YES;
				ENABLE_NS_ASSERTIONS = NO;
				GCC_C_LANGUAGE_STANDARD = gnu99;
				GCC_WARN_64_TO_32_BIT_CONVERSION = YES;
				GCC_WARN_ABOUT_RETURN_TYPE = YES_ERROR;
				GCC_WARN_UNDECLARED_SELECTOR = YES;
				GCC_WARN_UNINITIALIZED_AUTOS = YES;
				GCC_WARN_UNUSED_FUNCTION = YES;
				GCC_WARN_UNUSED_VARIABLE = YES;
				IPHONEOS_DEPLOYMENT_TARGET = 7.0;
				SDKROOT = iphoneos;
				VALIDATE_PRODUCT = YES;
			};
			name = Release;
		};
		A2907BDB1843E03A002B4EAA /* Debug */ = {
			isa = XCBuildConfiguration;
			buildSettings = {
				ASSETCATALOG_COMPILER_APPICON_NAME = AppIcon;
				ASSETCATALOG_COMPILER_LAUNCHIMAGE_NAME = LaunchImage;
				GCC_PRECOMPILE_PREFIX_HEADER = YES;
				GCC_PREFIX_HEADER = "Livre De Chant/Livre De Chant-Prefix.pch";
				INFOPLIST_FILE = "Livre De Chant/Livre De Chant-Info.plist";
				PRODUCT_NAME = "$(TARGET_NAME)";
				WRAPPER_EXTENSION = app;
			};
			name = Debug;
		};
		A2907BDC1843E03A002B4EAA /* Release */ = {
			isa = XCBuildConfiguration;
			buildSettings = {
				ASSETCATALOG_COMPILER_APPICON_NAME = AppIcon;
				ASSETCATALOG_COMPILER_LAUNCHIMAGE_NAME = LaunchImage;
				GCC_PRECOMPILE_PREFIX_HEADER = YES;
				GCC_PREFIX_HEADER = "Livre De Chant/Livre De Chant-Prefix.pch";
				INFOPLIST_FILE = "Livre De Chant/Livre De Chant-Info.plist";
				PRODUCT_NAME = "$(TARGET_NAME)";
				WRAPPER_EXTENSION = app;
			};
			name = Release;
		};
		A2907BDE1843E03A002B4EAA /* Debug */ = {
			isa = XCBuildConfiguration;
			buildSettings = {
				ARCHS = "$(ARCHS_STANDARD_INCLUDING_64_BIT)";
				BUNDLE_LOADER = "$(BUILT_PRODUCTS_DIR)/Livre De Chant.app/Livre De Chant";
				FRAMEWORK_SEARCH_PATHS = (
					"$(SDKROOT)/Developer/Library/Frameworks",
					"$(inherited)",
					"$(DEVELOPER_FRAMEWORKS_DIR)",
				);
				GCC_PRECOMPILE_PREFIX_HEADER = YES;
				GCC_PREFIX_HEADER = "Livre De Chant/Livre De Chant-Prefix.pch";
				GCC_PREPROCESSOR_DEFINITIONS = (
					"DEBUG=1",
					"$(inherited)",
				);
				INFOPLIST_FILE = "Livre De ChantTests/Livre De ChantTests-Info.plist";
				PRODUCT_NAME = "$(TARGET_NAME)";
				TEST_HOST = "$(BUNDLE_LOADER)";
				WRAPPER_EXTENSION = xctest;
			};
			name = Debug;
		};
		A2907BDF1843E03A002B4EAA /* Release */ = {
			isa = XCBuildConfiguration;
			buildSettings = {
				ARCHS = "$(ARCHS_STANDARD_INCLUDING_64_BIT)";
				BUNDLE_LOADER = "$(BUILT_PRODUCTS_DIR)/Livre De Chant.app/Livre De Chant";
				FRAMEWORK_SEARCH_PATHS = (
					"$(SDKROOT)/Developer/Library/Frameworks",
					"$(inherited)",
					"$(DEVELOPER_FRAMEWORKS_DIR)",
				);
				GCC_PRECOMPILE_PREFIX_HEADER = YES;
				GCC_PREFIX_HEADER = "Livre De Chant/Livre De Chant-Prefix.pch";
				INFOPLIST_FILE = "Livre De ChantTests/Livre De ChantTests-Info.plist";
				PRODUCT_NAME = "$(TARGET_NAME)";
				TEST_HOST = "$(BUNDLE_LOADER)";
				WRAPPER_EXTENSION = xctest;
			};
			name = Release;
		};
/* End XCBuildConfiguration section */

/* Begin XCConfigurationList section */
		A2907BA31843E03A002B4EAA /* Build configuration list for PBXProject "Livre De Chant" */ = {
			isa = XCConfigurationList;
			buildConfigurations = (
				A2907BD81843E03A002B4EAA /* Debug */,
				A2907BD91843E03A002B4EAA /* Release */,
			);
			defaultConfigurationIsVisible = 0;
			defaultConfigurationName = Release;
		};
		A2907BDA1843E03A002B4EAA /* Build configuration list for PBXNativeTarget "Livre De Chant" */ = {
			isa = XCConfigurationList;
			buildConfigurations = (
				A2907BDB1843E03A002B4EAA /* Debug */,
				A2907BDC1843E03A002B4EAA /* Release */,
			);
			defaultConfigurationIsVisible = 0;
		};
		A2907BDD1843E03A002B4EAA /* Build configuration list for PBXNativeTarget "Livre De ChantTests" */ = {
			isa = XCConfigurationList;
			buildConfigurations = (
				A2907BDE1843E03A002B4EAA /* Debug */,
				A2907BDF1843E03A002B4EAA /* Release */,
			);
			defaultConfigurationIsVisible = 0;
		};
/* End XCConfigurationList section */
	};
	rootObject = A2907BA01843E03A002B4EAA /* Project object */;
}
